{
  "name": "@grooovy/frontend",
  "version": "1.0.0",
  "lockfileVersion": 3,
  "requires": true,
  "packages": {
    "": {
      "name": "@grooovy/frontend",
      "version": "1.0.0",
      "dependencies": {
        "@supabase/supabase-js": "^2.89.0",
        "date-fns": "^3.6.0",
        "html5-qrcode": "^2.3.8",
        "i18next": "^25.7.3",
        "i18next-browser-languagedetector": "^8.2.0",
        "lucide-react": "^0.577.0",
        "react": "^18.2.0",
        "react-dom": "^18.2.0",
        "react-i18next": "^16.5.0",
        "react-icons": "^5.0.1",
        "react-router-dom": "^7.11.0"
      },
      "devDependencies": {
        "@playwright/test": "^1.57.0",
        "@testing-library/jest-dom": "^6.9.1",
        "@testing-library/react": "^16.3.1",
        "@types/qrcode": "^1.5.6",
        "@types/react": "^18.2.48",
        "@types/react-dom": "^18.2.18",
        "@types/react-router-dom": "^5.3.3",
        "@vitejs/plugin-react": "^4.2.1",
        "@vitest/ui": "^4.0.16",
        "fake-indexeddb": "^6.2.5",
        "fast-check": "^4.5.2",
        "jsdom": "^27.3.0",
        "playwright": "^1.57.0",
        "qrcode": "^1.5.4",
        "typescript": "^5.3.3",
        "vite": "^5.0.11",
        "vite-plugin-compression2": "^2.4.0",
        "vite-plugin-pwa": "^1.2.0",
        "vitest": "^4.0.16",
        "workbox-build": "^7.4.0",
        "workbox-window": "^7.4.0"
      }
    },
    "../../node_modules/.pnpm/@playwright+test@1.58.2/node_modules/@playwright/test": {
      "version": "1.58.2",
      "dev": true,
      "license": "Apache-2.0",
      "dependencies": {
        "playwright": "1.58.2"
      },
      "bin": {
        "playwright": "cli.js"
      },
      "engines": {
        "node": ">=18"
      }
    },
    "../../node_modules/.pnpm/@supabase+supabase-js@2.98.0/node_modules/@supabase/supabase-js": {
      "version": "2.98.0",
      "license": "MIT",
      "dependencies": {
        "@supabase/auth-js": "2.98.0",
        "@supabase/functions-js": "2.98.0",
        "@supabase/postgrest-js": "2.98.0",
        "@supabase/realtime-js": "2.98.0",
        "@supabase/storage-js": "2.98.0"
      },
      "devDependencies": {
        "jsr": "^0.13.5",
        "puppeteer": "^24.9.0"
      },
      "engines": {
        "node": ">=20.0.0"
      }
    },
    "../../node_modules/.pnpm/@testing-library+jest-dom@6.9.1/node_modules/@testing-library/jest-dom": {
      "version": "6.9.1",
      "dev": true,
      "license": "MIT",
      "dependencies": {
        "@adobe/css-tools": "^4.4.0",
        "aria-query": "^5.0.0",
        "css.escape": "^1.5.1",
        "dom-accessibility-api": "^0.6.3",
        "picocolors": "^1.1.1",
        "redent": "^3.0.0"
      },
      "devDependencies": {
        "@jest/globals": "^29.6.2",
        "@rollup/plugin-commonjs": "^25.0.4",
        "@types/bun": "latest",
        "@types/web": "latest",
        "expect": "^29.6.2",
        "jest-environment-jsdom-sixteen": "^1.0.3",
        "jest-watch-select-projects": "^2.0.0",
        "jsdom": "^16.2.1",
        "kcd-scripts": "^14.0.0",
        "pretty-format": "^25.1.0",
        "rollup": "^3.28.1",
        "rollup-plugin-delete": "^2.0.0",
        "typescript": "^5.1.6",
        "vitest": "^0.34.1"
      },
      "engines": {
        "node": ">=14",
        "npm": ">=6",
        "yarn": ">=1"
      }
    },
    "../../node_modules/.pnpm/@testing-library+react@16.3_8105afb30b3aed617b9ca863f1e5e96d/node_modules/@testing-library/react": {
      "version": "16.3.2",
      "dev": true,
      "license": "MIT",
      "dependencies": {
        "@babel/runtime": "^7.12.5"
      },
      "devDependencies": {
        "@testing-library/dom": "^10.0.0",
        "@testing-library/jest-dom": "^5.11.6",
        "@types/react": "^19.0.0",
        "@types/react-dom": "^19.0.0",
        "chalk": "^4.1.2",
        "dotenv-cli": "^4.0.0",
        "jest-diff": "^29.7.0",
        "kcd-scripts": "^13.0.0",
        "npm-run-all2": "^6.2.6",
        "react": "^19.0.0",
        "react-dom": "^19.0.0",
        "rimraf": "^3.0.2",
        "typescript": "^5.9.3"
      },
      "engines": {
        "node": ">=18"
      },
      "peerDependencies": {
        "@testing-library/dom": "^10.0.0",
        "@types/react": "^18.0.0 || ^19.0.0",
        "@types/react-dom": "^18.0.0 || ^19.0.0",
        "react": "^18.0.0 || ^19.0.0",
        "react-dom": "^18.0.0 || ^19.0.0"
      },
      "peerDependenciesMeta": {
        "@types/react": {
          "optional": true
        },
        "@types/react-dom": {
          "optional": true
        }
      }
    },
    "../../node_modules/.pnpm/@types+qrcode@1.5.6/node_modules/@types/qrcode": {
      "version": "1.5.6",
      "dev": true,
      "license": "MIT",
      "dependencies": {
        "@types/node": "*"
      }
    },
    "../../node_modules/.pnpm/@types+react-dom@18.3.7_@types+react@18.3.28/node_modules/@types/react-dom": {
      "version": "18.3.7",
      "dev": true,
      "license": "MIT",
      "peerDependencies": {
        "@types/react": "^18.0.0"
      }
    },
    "../../node_modules/.pnpm/@types+react-router-dom@5.3.3/node_modules/@types/react-router-dom": {
      "version": "5.3.3",
      "dev": true,
      "license": "MIT",
      "dependencies": {
        "@types/history": "^4.7.11",
        "@types/react": "*",
        "@types/react-router": "*"
      }
    },
    "../../node_modules/.pnpm/@types+react@18.3.28/node_modules/@types/react": {
      "version": "18.3.28",
      "dev": true,
      "license": "MIT",
      "dependencies": {
        "@types/prop-types": "*",
        "csstype": "^3.2.2"
      }
    },
    "../../node_modules/.pnpm/@vitejs+plugin-react@4.7.0__a6b856cb0820bbfcc2d966802d62c398/node_modules/@vitejs/plugin-react": {
      "version": "4.7.0",
      "dev": true,
      "license": "MIT",
      "dependencies": {
        "@babel/core": "^7.28.0",
        "@babel/plugin-transform-react-jsx-self": "^7.27.1",
        "@babel/plugin-transform-react-jsx-source": "^7.27.1",
        "@rolldown/pluginutils": "1.0.0-beta.27",
        "@types/babel__core": "^7.20.5",
        "react-refresh": "^0.17.0"
      },
      "devDependencies": {
        "@vitejs/react-common": "workspace:*",
        "babel-plugin-react-compiler": "19.1.0-rc.2",
        "react": "^19.1.0",
        "react-dom": "^19.1.0",
        "rolldown": "1.0.0-beta.27",
        "tsdown": "^0.12.9",
        "vitest": "^3.2.4"
      },
      "engines": {
        "node": "^14.18.0 || >=16.0.0"
      },
      "peerDependencies": {
        "vite": "^4.2.0 || ^5.0.0 || ^6.0.0 || ^7.0.0"
      }
    },
    "../../node_modules/.pnpm/@vitest+ui@4.0.18_vitest@4.0.18/node_modules/@vitest/ui": {
      "version": "4.0.18",
      "dev": true,
      "license": "MIT",
      "dependencies": {
        "@vitest/utils": "4.0.18",
        "fflate": "^0.8.2",
        "flatted": "^3.3.3",
        "pathe": "^2.0.3",
        "sirv": "^3.0.2",
        "tinyglobby": "^0.2.15",
        "tinyrainbow": "^3.0.3"
      },
      "devDependencies": {
        "@faker-js/faker": "^10.1.0",
        "@iconify-json/carbon": "^1.2.14",
        "@iconify-json/logos": "^1.2.10",
        "@types/codemirror": "^5.60.17",
        "@types/d3-force": "^3.0.10",
        "@types/d3-selection": "^3.0.11",
        "@types/ws": "^8.18.1",
        "@unocss/reset": "^66.5.9",
        "@vitejs/plugin-vue": "^6.0.2",
        "@vitest/browser-playwright": "4.0.18",
        "@vitest/runner": "4.0.18",
        "@vitest/ws-client": "4.0.18",
        "@vue/test-utils": "^2.4.6",
        "@vueuse/core": "^12.8.2",
        "ansi-to-html": "^0.7.2",
        "birpc": "^4.0.0",
        "codemirror": "^5.65.18",
        "codemirror-theme-vars": "^0.1.2",
        "d3-graph-controller": "^3.1.6",
        "floating-vue": "^5.2.2",
        "mime": "^4.1.0",
        "rollup": "^4.53.3",
        "splitpanes": "^4.0.4",
        "typescript": "^5.9.3",
        "unocss": "^66.5.9",
        "vite": "^5.0.0",
        "vite-plugin-pages": "^0.33.1",
        "vitest-browser-vue": "2.0.1",
        "vue": "^3.5.25",
        "vue-router": "^4.6.3",
        "vue-tsc": "^3.1.5",
        "vue-virtual-scroller": "2.0.0-beta.8"
      },
      "funding": {
        "url": "https://opencollective.com/vitest"
      },
      "peerDependencies": {
        "vitest": "4.0.18"
      }
    },
    "../../node_modules/.pnpm/date-fns@3.6.0/node_modules/date-fns": {
      "version": "3.6.0",
      "license": "MIT",
      "devDependencies": {
        "@babel/cli": "^7.22.10",
        "@babel/core": "^7.22.10",
        "@babel/preset-env": "^7.22.10",
        "@babel/preset-typescript": "^7.22.5",
        "@date-fns/docs": "^0.29.0",
        "@date-fns/utc": "^1.2.0",
        "@octokit/core": "^3.2.5",
        "@size-limit/esbuild": "^11.0.1",
        "@size-limit/file": "^11.0.1",
        "@types/bun": "^1.0.3",
        "@types/lodash": "^4.14.202",
        "@types/node": "^20.10.2",
        "@types/sinon": "^9.0.6",
        "@typescript-eslint/eslint-plugin": "^6.13.1",
        "@typescript-eslint/parser": "^6.13.1",
        "@vitest/browser": "^1.3.1",
        "@vitest/coverage-v8": "^1.3.1",
        "babel-plugin-add-import-extension": "^1.6.0",
        "bun": "^1.0.25",
        "cloc": "^2.2.0",
        "coveralls": "^3.1.1",
        "eslint": "^8.55.0",
        "firebase": "^3.7.1",
        "fp-ts": "^2.16.2",
        "js-fns": "^2.5.1",
        "jscodeshift": "^0.15.2",
        "lodash": "^4.17.21",
        "playwright": "^1.40.1",
        "prettier": "^3.1.0",
        "simple-git": "^2.35.2",
        "sinon": "^7.4.1",
        "size-limit": "^11.0.1",
        "tsx": "^4.6.1",
        "typedoc": "^0.25.4",
        "typedoc-plugin-missing-exports": "^2.1.0",
        "typescript": "^5.3.2",
        "vitest": "^1.3.1"
      },
      "funding": {
        "type": "github",
        "url": "https://github.com/sponsors/kossnocorp"
      }
    },
    "../../node_modules/.pnpm/fake-indexeddb@6.2.5/node_modules/fake-indexeddb": {
      "version": "6.2.5",
      "dev": true,
      "license": "Apache-2.0",
      "devDependencies": {
        "@babel/cli": "^7.27.2",
        "@babel/core": "^7.27.4",
        "@babel/plugin-transform-modules-commonjs": "^7.27.1",
        "@babel/preset-env": "^7.27.2",
        "@babel/preset-typescript": "^7.27.1",
        "@types/mocha": "^10.0.10",
        "@types/node": "^24.0.0",
        "@typescript-eslint/eslint-plugin": "^7.18.0",
        "@typescript-eslint/parser": "^7.18.0",
        "babel-plugin-add-module-exports": "^1.0.4",
        "babelify": "^10.0.0",
        "browserify": "^17.0.1",
        "core-js": "^3.43.0",
        "dexie": "^4.0.11",
        "eslint": "^8.57.1",
        "eslint-config-prettier": "^9.1.0",
        "eslint-plugin-import": "^2.32.0",
        "glob": "^11.0.2",
        "husky": "^9.1.7",
        "jest": "^30.0.0",
        "lint-staged": "^16.1.0",
        "mocha": "^11.6.0",
        "node-qunit-phantomjs": "^2.1.1",
        "prettier": "^3.5.3",
        "qunitjs": "^1.23.1",
        "smol-toml": "^1.4.1",
        "typescript": "^5.8.3"
      },
      "engines": {
        "node": ">=18"
      }
    },
    "../../node_modules/.pnpm/fast-check@4.5.3/node_modules/fast-check": {
      "version": "4.5.3",
      "dev": true,
      "funding": [
        {
          "type": "individual",
          "url": "https://github.com/sponsors/dubzzz"
        },
        {
          "type": "opencollective",
          "url": "https://opencollective.com/fast-check"
        }
      ],
      "license": "MIT",
      "dependencies": {
        "pure-rand": "^7.0.0"
      },
      "devDependencies": {
        "@fast-check/expect-type": "0.2.1",
        "@fast-check/poisoning": "0.2.3",
        "@microsoft/api-extractor": "^7.55.2",
        "@types/node": "^24.10.4",
        "cross-env": "^10.1.0",
        "fast-check": "4.5.3",
        "glob": "^13.0.0",
        "not-node-buffer": "npm:buffer@^6.0.3",
        "regexp-tree": "^0.1.27",
        "replace-in-file": "^8.4.0",
        "typedoc": "^0.28.15",
        "typescript": "~5.9.3",
        "vitest": "^4.0.5"
      },
      "engines": {
        "node": ">=12.17.0"
      }
    },
    "../../node_modules/.pnpm/html5-qrcode@2.3.8/node_modules/html5-qrcode": {
      "version": "2.3.8",
      "license": "Apache-2.0",
      "devDependencies": {
        "@babel/cli": "^7.10.5",
        "@babel/core": "^7.11.4",
        "@babel/plugin-proposal-class-properties": "^7.10.4",
        "@babel/preset-env": "^7.11.0",
        "@types/chai": "^4.3.0",
        "@types/mocha": "^9.0.0",
        "babel-minify": "^0.5.1",
        "chai": "^4.3.4",
        "docusaurus-plugin-typedoc": "^0.18.0",
        "expose-loader": "^2.0.0",
        "jsdom": "20.0.2",
        "jsdom-global": "3.0.2",
        "mocha": "^9.1.3",
        "mocha-lcov-reporter": "^1.3.0",
        "promise-polyfill": "^8.1.3",
        "remark-cli": "^9.0.0",
        "remark-preset-lint-recommended": "^5.0.0",
        "rewire": "^5.0.0",
        "ts-loader": "^9.1.2",
        "ts-node": "^10.4.0",
        "tsconfig-paths": "^3.12.0",
        "typedoc": "^0.23.28",
        "typedoc-plugin-markdown": "^3.14.0",
        "typescript": "^4.3.2",
        "typings": "^2.1.1",
        "webpack": "^5.37.0",
        "webpack-cli": "^4.7.0"
      }
    },
    "../../node_modules/.pnpm/i18next-browser-languagedetector@8.2.1/node_modules/i18next-browser-languagedetector": {
      "version": "8.2.1",
      "license": "MIT",
      "dependencies": {
        "@babel/runtime": "^7.23.2"
      },
      "devDependencies": {
        "@babel/core": "^7.23.3",
        "@babel/eslint-parser": "^7.23.3",
        "@babel/plugin-transform-runtime": "^7.23.3",
        "@babel/preset-env": "^7.23.3",
        "@rollup/plugin-babel": "^5.3.1",
        "@rollup/plugin-node-resolve": "^14.1.0",
        "babel-polyfill": "^6.26.0",
        "babelify": "^10.0.0",
        "browserify": "17.0.0",
        "browserify-istanbul": "3.0.1",
        "chai": "4.3.10",
        "coveralls": "3.1.1",
        "cpy-cli": "^5.0.0",
        "dtslint": "^4.2.1",
        "eslint": "8.53.0",
        "eslint-config-airbnb": "19.0.4",
        "expect.js": "0.3.1",
        "i18next": "23.7.1",
        "mkdirp": "3.0.1",
        "mocha": "10.8.2",
        "rimraf": "5.0.5",
        "rollup": "^2.79.1",
        "rollup-plugin-terser": "^7.0.2",
        "tsd": "0.29.0",
        "tslint": "^5.20.1",
        "typescript": "5.1.3",
        "yargs": "17.7.2"
      }
    },
    "../../node_modules/.pnpm/i18next@25.8.14_typescript@5.9.3/node_modules/i18next": {
      "version": "25.8.14",
      "funding": [
        {
          "type": "individual",
          "url": "https://locize.com"
        },
        {
          "type": "individual",
          "url": "https://locize.com/i18next.html"
        },
        {
          "type": "individual",
          "url": "https://www.i18next.com/how-to/faq#i18next-is-awesome.-how-can-i-support-the-project"
        }
      ],
      "license": "MIT",
      "dependencies": {
        "@babel/runtime": "^7.28.4"
      },
      "devDependencies": {
        "@arktype/attest": "^0.55.0",
        "@babel/core": "^7.28.5",
        "@babel/plugin-transform-async-generator-functions": "^7.28.0",
        "@babel/plugin-transform-modules-commonjs": "^7.27.1",
        "@babel/plugin-transform-runtime": "^7.28.5",
        "@babel/polyfill": "^7.12.1",
        "@babel/preset-env": "^7.28.5",
        "@babel/preset-react": "^7.28.5",
        "@babel/register": "^7.28.3",
        "@rollup/plugin-babel": "^6.1.0",
        "@rollup/plugin-commonjs": "^29.0.0",
        "@rollup/plugin-node-resolve": "^16.0.3",
        "@rollup/plugin-terser": "^0.4.4",
        "@types/node": "^22.19.1",
        "@typescript-eslint/eslint-plugin": "^7.18.0",
        "@typescript-eslint/parser": "^7.18.0",
        "@vitest/coverage-v8": "^3.2.4",
        "babelify": "^10.0.0",
        "coveralls": "^3.1.1",
        "cpy-cli": "^5.0.0",
        "eslint": "^8.57.1",
        "eslint-config-airbnb-base": "^15.0.0",
        "eslint-config-prettier": "^10.1.8",
        "eslint-import-resolver-typescript": "^4.4.4",
        "eslint-plugin-import": "^2.32.0",
        "gh-release": "^7.0.2",
        "husky": "^9.1.7",
        "i18next-browser-languagedetector": "^8.2.0",
        "i18next-fs-backend": "^2.6.1",
        "i18next-http-backend": "^3.0.2",
        "i18next-localstorage-cache": "^1.1.1",
        "i18next-sprintf-postprocessor": "^0.2.2",
        "lint-staged": "^16.2.6",
        "prettier": "^3.6.2",
        "rimraf": "^6.1.0",
        "rollup": "^4.53.2",
        "sinon": "^19.0.5",
        "typescript": "^5.9.3",
        "vitest": "^3.2.4"
      },
      "peerDependencies": {
        "typescript": "^5"
      },
      "peerDependenciesMeta": {
        "typescript": {
          "optional": true
        }
      }
    },
    "../../node_modules/.pnpm/jsdom@27.4.0_@noble+hashes@1.8.0/node_modules/jsdom": {
      "version": "27.4.0",
      "dev": true,
      "license": "MIT",
      "dependencies": {
        "@acemir/cssom": "^0.9.28",
        "@asamuzakjp/dom-selector": "^6.7.6",
        "@exodus/bytes": "^1.6.0",
        "cssstyle": "^5.3.4",
        "data-urls": "^6.0.0",
        "decimal.js": "^10.6.0",
        "html-encoding-sniffer": "^6.0.0",
        "http-proxy-agent": "^7.0.2",
        "https-proxy-agent": "^7.0.6",
        "is-potential-custom-element-name": "^1.0.1",
        "parse5": "^8.0.0",
        "saxes": "^6.0.0",
        "symbol-tree": "^3.2.4",
        "tough-cookie": "^6.0.0",
        "w3c-xmlserializer": "^5.0.0",
        "webidl-conversions": "^8.0.0",
        "whatwg-mimetype": "^4.0.0",
        "whatwg-url": "^15.1.0",
        "ws": "^8.18.3",
        "xml-name-validator": "^5.0.0"
      },
      "devDependencies": {
        "@domenic/eslint-config": "^4.0.1",
        "benchmark": "^2.1.4",
        "eslint": "^9.39.1",
        "eslint-plugin-html": "^8.1.3",
        "globals": "^16.5.0",
        "js-yaml": "^4.1.1",
        "minimatch": "^10.1.1",
        "mocha": "^11.7.5",
        "mocha-sugar-free": "^1.4.0",
        "npm-run-all2": "^8.0.4",
        "pngjs": "^7.0.0",
        "server-destroy": "^1.0.1",
        "webidl2js": "^19.1.0",
        "yargs": "^18.0.0"
      },
      "engines": {
        "node": "^20.19.0 || ^22.12.0 || >=24.0.0"
      },
      "peerDependencies": {
        "canvas": "^3.0.0"
      },
      "peerDependenciesMeta": {
        "canvas": {
          "optional": true
        }
      }
    },
    "../../node_modules/.pnpm/lucide-react@0.577.0_react@18.3.1/node_modules/lucide-react": {
      "version": "0.577.0",
      "license": "ISC",
      "devDependencies": {
        "@lucide/build-icons": "1.1.0",
        "@lucide/rollup-plugins": "1.0.0",
        "@lucide/shared": "1.0.0",
        "@testing-library/jest-dom": "^6.8.0",
        "@testing-library/react": "^14.1.2",
        "@types/react": "^18.2.37",
        "@vitejs/plugin-react": "^4.4.1",
        "jest-serializer-html": "^7.1.0",
        "react": "18.2.0",
        "react-dom": "18.2.0",
        "rollup": "^4.59.0",
        "rollup-plugin-dts": "^6.2.3",
        "rollup-plugin-preserve-directives": "^0.4.0",
        "typescript": "^5.8.3",
        "vite": "^7.2.4",
        "vitest": "^4.0.12"
      },
      "peerDependencies": {
        "react": "^16.5.1 || ^17.0.0 || ^18.0.0 || ^19.0.0"
      }
    },
    "../../node_modules/.pnpm/playwright@1.58.2/node_modules/playwright": {
      "version": "1.58.2",
      "dev": true,
      "license": "Apache-2.0",
      "dependencies": {
        "playwright-core": "1.58.2"
      },
      "bin": {
        "playwright": "cli.js"
      },
      "engines": {
        "node": ">=18"
      },
      "optionalDependencies": {
        "fsevents": "2.3.2"
      }
    },
    "../../node_modules/.pnpm/qrcode@1.5.4/node_modules/qrcode": {
      "version": "1.5.4",
      "dev": true,
      "license": "MIT",
      "dependencies": {
        "dijkstrajs": "^1.0.1",
        "pngjs": "^5.0.0",
        "yargs": "^15.3.1"
      },
      "bin": {
        "qrcode": "bin/qrcode"
      },
      "devDependencies": {
        "@babel/core": "^7.9.0",
        "@babel/preset-env": "^7.9.5",
        "@rollup/plugin-commonjs": "^11.1.0",
        "@rollup/plugin-node-resolve": "^7.1.3",
        "browserify": "^16.5.1",
        "canvas": "^2.8.0",
        "canvasutil": "0.0.4",
        "colors": "^1.4.0",
        "express": "^4.17.1",
        "htmlparser2": "^4.1.0",
        "rollup": "^2.6.1",
        "rollup-plugin-babel": "^4.4.0",
        "rollup-plugin-terser": "^5.3.0",
        "sinon": "^9.0.2",
        "standard": "^16.0.4",
        "tap": "^16.2.0"
      },
      "engines": {
        "node": ">=10.13.0"
      }
    },
    "../../node_modules/.pnpm/react-dom@18.3.1_react@18.3.1/node_modules/react-dom": {
      "version": "18.3.1",
      "license": "MIT",
      "dependencies": {
        "loose-envify": "^1.1.0",
        "scheduler": "^0.23.2"
      },
      "peerDependencies": {
        "react": "^18.3.1"
      }
    },
    "../../node_modules/.pnpm/react-i18next@16.5.6_i18nex_f949eb8e3929ebf894e0b285c7412d39/node_modules/react-i18next": {
      "version": "16.5.6",
      "license": "MIT",
      "dependencies": {
        "@babel/runtime": "^7.28.4",
        "html-parse-stringify": "^3.0.1",
        "use-sync-external-store": "^1.6.0"
      },
      "devDependencies": {
        "@babel/cli": "^7.28.3",
        "@babel/core": "^7.28.5",
        "@babel/eslint-parser": "^7.28.5",
        "@babel/plugin-proposal-async-generator-functions": "^7.20.7",
        "@babel/plugin-proposal-object-rest-spread": "^7.20.7",
        "@babel/plugin-transform-modules-commonjs": "^7.27.1",
        "@babel/plugin-transform-runtime": "^7.28.5",
        "@babel/polyfill": "^7.12.1",
        "@babel/preset-env": "^7.28.5",
        "@babel/preset-react": "^7.28.5",
        "@babel/register": "^7.28.3",
        "@rollup/plugin-babel": "^6.1.0",
        "@rollup/plugin-commonjs": "^26.0.3",
        "@rollup/plugin-node-resolve": "^15.3.1",
        "@rollup/plugin-replace": "^5.0.7",
        "@rollup/plugin-terser": "0.4.4",
        "@testing-library/dom": "^10.4.1",
        "@testing-library/jest-dom": "^6.9.1",
        "@testing-library/react": "^16.3.1",
        "@types/jest": "^29.5.12",
        "@types/react": "^19.2.7",
        "@vitest/coverage-v8": "^2.0.5",
        "all-contributors-cli": "^6.26.1",
        "babel-core": "^7.0.0-bridge.0",
        "babel-plugin-macros": "^3.1.0",
        "babel-plugin-tester": "^11.0.4",
        "coveralls": "^3.1.1",
        "cpy-cli": "^5.0.0",
        "cross-env": "^7.0.3",
        "eslint": "^8.57.0",
        "eslint-config-airbnb": "19.0.4",
        "eslint-config-prettier": "^9.1.0",
        "eslint-plugin-import": "^2.32.0",
        "eslint-plugin-jest-dom": "^5.5.0",
        "eslint-plugin-jsx-a11y": "^6.10.2",
        "eslint-plugin-react": "^7.37.5",
        "eslint-plugin-testing-library": "^6.5.0",
        "happy-dom": "^14.12.3",
        "husky": "^9.1.7",
        "i18next": "^25.7.3",
        "lint-staged": "^15.5.2",
        "mkdirp": "^3.0.1",
        "prettier": "^3.7.4",
        "react": "^19.2.3",
        "react-dom": "^19.2.3",
        "react-test-renderer": "^19.2.3",
        "rimraf": "^6.1.2",
        "rollup": "^4.54.0",
        "typescript": "~5.9.3",
        "vitest": "^2.0.5",
        "yargs": "^17.7.2"
      },
      "peerDependencies": {
        "i18next": ">= 25.6.2",
        "react": ">= 16.8.0",
        "typescript": "^5"
      },
      "peerDependenciesMeta": {
        "react-dom": {
          "optional": true
        },
        "react-native": {
          "optional": true
        },
        "typescript": {
          "optional": true
        }
      }
    },
    "../../node_modules/.pnpm/react-router-dom@7.13.1_rea_fd3d734513cb5e82a056cf6eea5f83eb/node_modules/react-router-dom": {
      "version": "7.13.1",
      "license": "MIT",
      "dependencies": {
        "react-router": "7.13.1"
      },
      "devDependencies": {
        "react": "^19.2.3",
        "react-dom": "^19.2.3",
        "tsup": "^8.3.0",
        "typescript": "^5.4.5",
        "wireit": "0.14.9"
      },
      "engines": {
        "node": ">=20.0.0"
      },
      "peerDependencies": {
        "react": ">=18",
        "react-dom": ">=18"
      }
    },
    "../../node_modules/.pnpm/react@18.3.1/node_modules/react": {
      "version": "18.3.1",
      "license": "MIT",
      "dependencies": {
        "loose-envify": "^1.1.0"
      },
      "engines": {
        "node": ">=0.10.0"
      }
    },
    "../../node_modules/.pnpm/typescript@5.9.3/node_modules/typescript": {
      "version": "5.9.3",
      "dev": true,
      "license": "Apache-2.0",
      "bin": {
        "tsc": "bin/tsc",
        "tsserver": "bin/tsserver"
      },
      "devDependencies": {
        "@dprint/formatter": "^0.4.1",
        "@dprint/typescript": "0.93.4",
        "@esfx/canceltoken": "^1.0.0",
        "@eslint/js": "^9.20.0",
        "@octokit/rest": "^21.1.1",
        "@types/chai": "^4.3.20",
        "@types/diff": "^7.0.1",
        "@types/minimist": "^1.2.5",
        "@types/mocha": "^10.0.10",
        "@types/ms": "^0.7.34",
        "@types/node": "latest",
        "@types/source-map-support": "^0.5.10",
        "@types/which": "^3.0.4",
        "@typescript-eslint/rule-tester": "^8.24.1",
        "@typescript-eslint/type-utils": "^8.24.1",
        "@typescript-eslint/utils": "^8.24.1",
        "azure-devops-node-api": "^14.1.0",
        "c8": "^10.1.3",
        "chai": "^4.5.0",
        "chokidar": "^4.0.3",
        "diff": "^7.0.0",
        "dprint": "^0.49.0",
        "esbuild": "^0.25.0",
        "eslint": "^9.20.1",
        "eslint-formatter-autolinkable-stylish": "^1.4.0",
        "eslint-plugin-regexp": "^2.7.0",
        "fast-xml-parser": "^4.5.2",
        "glob": "^10.4.5",
        "globals": "^15.15.0",
        "hereby": "^1.10.0",
        "jsonc-parser": "^3.3.1",
        "knip": "^5.44.4",
        "minimist": "^1.2.8",
        "mocha": "^10.8.2",
        "mocha-fivemat-progress-reporter": "^0.1.0",
        "monocart-coverage-reports": "^2.12.1",
        "ms": "^2.1.3",
        "picocolors": "^1.1.1",
        "playwright": "^1.50.1",
        "source-map-support": "^0.5.21",
        "tslib": "^2.8.1",
        "typescript": "^5.7.3",
        "typescript-eslint": "^8.24.1",
        "which": "^3.0.1"
      },
      "engines": {
        "node": ">=14.17"
      }
    },
    "../../node_modules/.pnpm/vite-plugin-compression2@2.5.0_rollup@2.80.0/node_modules/vite-plugin-compression2": {
      "version": "2.5.0",
      "dev": true,
      "license": "MIT",
      "dependencies": {
        "@rollup/pluginutils": "^5.1.0",
        "tar-mini": "^0.2.0"
      },
      "devDependencies": {
        "@rollup/plugin-commonjs": "^28.0.3",
        "@rollup/plugin-esm-shim": "^0.1.8",
        "@rollup/plugin-node-resolve": "^16.0.1",
        "@swc/core": "^1.11.31",
        "@types/node": "^24.0.3",
        "@vitest/coverage-v8": "^2.0.3",
        "ansis": "^4.0.0",
        "dprint": "^0.46.3",
        "eslint": "^9.16.0",
        "eslint-config-kagura": "^3.0.1",
        "memdisk": "^1.2.1",
        "playwright": "^1.32.3",
        "rolldown-vite": "^7.2.10",
        "rollup": "^4.41.1",
        "rollup-plugin-dts": "^6.2.1",
        "rollup-plugin-swc3": "^0.12.1",
        "sirv": "^2.0.3",
        "typescript": "^5.3.3",
        "vite": "^7.0.3",
        "vite-bundle-analyzer": "^1.0.0",
        "vitest": "^2.1.2"
      }
    },
    "../../node_modules/.pnpm/vite-plugin-pwa@1.2.0_vite@_7691bee7a63315cc5920694eb6ab94c0/node_modules/vite-plugin-pwa": {
      "version": "1.2.0",
      "dev": true,
      "license": "MIT",
      "dependencies": {
        "debug": "^4.3.6",
        "pretty-bytes": "^6.1.1",
        "tinyglobby": "^0.2.10",
        "workbox-build": "^7.4.0",
        "workbox-window": "^7.4.0"
      },
      "devDependencies": {
        "@antfu/eslint-config": "^4.11.0",
        "@antfu/ni": "^0.21.9",
        "@playwright/test": "^1.40.0",
        "@rolldown/pluginutils": "1.0.0-beta.31",
        "@types/debug": "^4.1.12",
        "@types/node": "^18.17.14",
        "@types/prompts": "^2.4.8",
        "@types/react": "^18.2.21",
        "@typescript-eslint/eslint-plugin": "^8.18.0",
        "@vite-pwa/assets-generator": "^1.0.0",
        "bumpp": "^9.2.0",
        "eslint": "^9.23.0",
        "esno": "0.17.0",
        "kolorist": "^1.8.0",
        "preact": "^10.19.7",
        "prompts": "^2.4.2",
        "publint": "^0.2.5",
        "react": "^18.2.0",
        "solid-js": "^1.8.5",
        "svelte": "^4.2.5",
        "tsup": "^7.3.0",
        "typescript": "^5.3.3",
        "vite": "^5.0.12",
        "vitest": "1.0.0-beta.4",
        "vue": "^3.3.8"
      },
      "engines": {
        "node": ">=16.0.0"
      },
      "funding": {
        "url": "https://github.com/sponsors/antfu"
      },
      "peerDependencies": {
        "@vite-pwa/assets-generator": "^1.0.0",
        "vite": "^3.1.0 || ^4.0.0 || ^5.0.0 || ^6.0.0 || ^7.0.0",
        "workbox-build": "^7.4.0",
        "workbox-window": "^7.4.0"
      },
      "peerDependenciesMeta": {
        "@vite-pwa/assets-generator": {
          "optional": true
        }
      }
    },
    "../../node_modules/.pnpm/vite@5.4.21_@types+node@20.19.37_terser@5.46.0/node_modules/vite": {
      "version": "5.4.21",
      "dev": true,
      "license": "MIT",
      "dependencies": {
        "esbuild": "^0.21.3",
        "postcss": "^8.4.43",
        "rollup": "^4.20.0"
      },
      "bin": {
        "vite": "bin/vite.js"
      },
      "devDependencies": {
        "@ampproject/remapping": "^2.3.0",
        "@babel/parser": "^7.25.6",
        "@jridgewell/trace-mapping": "^0.3.25",
        "@polka/compression": "^1.0.0-next.25",
        "@rollup/plugin-alias": "^5.1.0",
        "@rollup/plugin-commonjs": "^26.0.1",
        "@rollup/plugin-dynamic-import-vars": "^2.1.2",
        "@rollup/plugin-json": "^6.1.0",
        "@rollup/plugin-node-resolve": "15.2.3",
        "@rollup/pluginutils": "^5.1.0",
        "@types/escape-html": "^1.0.4",
        "@types/pnpapi": "^0.0.5",
        "artichokie": "^0.2.1",
        "cac": "^6.7.14",
        "chokidar": "^3.6.0",
        "connect": "^3.7.0",
        "convert-source-map": "^2.0.0",
        "cors": "^2.8.5",
        "cross-spawn": "^7.0.3",
        "debug": "^4.3.6",
        "dep-types": "link:./src/types",
        "dotenv": "^16.4.5",
        "dotenv-expand": "^11.0.6",
        "es-module-lexer": "^1.5.4",
        "escape-html": "^1.0.3",
        "estree-walker": "^3.0.3",
        "etag": "^1.8.1",
        "fast-glob": "^3.3.2",
        "http-proxy": "^1.18.1",
        "launch-editor-middleware": "^2.9.1",
        "lightningcss": "^1.26.0",
        "magic-string": "^0.30.11",
        "micromatch": "^4.0.8",
        "mlly": "^1.7.1",
        "mrmime": "^2.0.0",
        "open": "^8.4.2",
        "parse5": "^7.1.2",
        "pathe": "^1.1.2",
        "periscopic": "^4.0.2",
        "picocolors": "^1.0.1",
        "picomatch": "^2.3.1",
        "postcss-import": "^16.1.0",
        "postcss-load-config": "^4.0.2",
        "postcss-modules": "^6.0.0",
        "resolve.exports": "^2.0.2",
        "rollup-plugin-dts": "^6.1.1",
        "rollup-plugin-esbuild": "^6.1.1",
        "rollup-plugin-license": "^3.5.2",
        "sass": "^1.77.8",
        "sass-embedded": "^1.77.8",
        "sirv": "^2.0.4",
        "source-map-support": "^0.5.21",
        "strip-ansi": "^7.1.0",
        "strip-literal": "^2.1.0",
        "tsconfck": "^3.1.4",
        "tslib": "^2.7.0",
        "types": "link:./types",
        "ufo": "^1.5.4",
        "ws": "^8.18.0"
      },
      "engines": {
        "node": "^18.0.0 || >=20.0.0"
      },
      "funding": {
        "url": "https://github.com/vitejs/vite?sponsor=1"
      },
      "optionalDependencies": {
        "fsevents": "~2.3.3"
      },
      "peerDependencies": {
        "@types/node": "^18.0.0 || >=20.0.0",
        "less": "*",
        "lightningcss": "^1.21.0",
        "sass": "*",
        "sass-embedded": "*",
        "stylus": "*",
        "sugarss": "*",
        "terser": "^5.4.0"
      },
      "peerDependenciesMeta": {
        "@types/node": {
          "optional": true
        },
        "less": {
          "optional": true
        },
        "lightningcss": {
          "optional": true
        },
        "sass": {
          "optional": true
        },
        "sass-embedded": {
          "optional": true
        },
        "stylus": {
          "optional": true
        },
        "sugarss": {
          "optional": true
        },
        "terser": {
          "optional": true
        }
      }
    },
    "../../node_modules/.pnpm/vitest@4.0.18_@types+node@2_df5b20c2fc2f4c62c877b91c9872cc6d/node_modules/vitest": {
      "version": "4.0.18",
      "dev": true,
      "license": "MIT",
      "dependencies": {
        "@vitest/expect": "4.0.18",
        "@vitest/mocker": "4.0.18",
        "@vitest/pretty-format": "4.0.18",
        "@vitest/runner": "4.0.18",
        "@vitest/snapshot": "4.0.18",
        "@vitest/spy": "4.0.18",
        "@vitest/utils": "4.0.18",
        "es-module-lexer": "^1.7.0",
        "expect-type": "^1.2.2",
        "magic-string": "^0.30.21",
        "obug": "^2.1.1",
        "pathe": "^2.0.3",
        "picomatch": "^4.0.3",
        "std-env": "^3.10.0",
        "tinybench": "^2.9.0",
        "tinyexec": "^1.0.2",
        "tinyglobby": "^0.2.15",
        "tinyrainbow": "^3.0.3",
        "vite": "^6.0.0 || ^7.0.0",
        "why-is-node-running": "^2.3.0"
      },
      "bin": {
        "vitest": "vitest.mjs"
      },
      "devDependencies": {
        "@antfu/install-pkg": "^1.1.0",
        "@edge-runtime/vm": "^5.0.0",
        "@jridgewell/trace-mapping": "0.3.31",
        "@opentelemetry/api": "^1.9.0",
        "@sinonjs/fake-timers": "14.0.0",
        "@types/estree": "^1.0.8",
        "@types/istanbul-lib-coverage": "^2.0.6",
        "@types/istanbul-reports": "^3.0.4",
        "@types/jsdom": "^27.0.0",
        "@types/node": "^24.10.1",
        "@types/picomatch": "^4.0.2",
        "@types/prompts": "^2.4.9",
        "@types/sinonjs__fake-timers": "^8.1.5",
        "acorn-walk": "^8.3.4",
        "birpc": "^4.0.0",
        "cac": "^6.7.14",
        "empathic": "^2.0.0",
        "flatted": "^3.3.3",
        "happy-dom": "^20.0.11",
        "jsdom": "^27.2.0",
        "local-pkg": "^1.1.2",
        "mime": "^4.1.0",
        "prompts": "^2.4.2",
        "strip-literal": "^3.1.0",
        "ws": "^8.18.3"
      },
      "engines": {
        "node": "^20.0.0 || ^22.0.0 || >=24.0.0"
      },
      "funding": {
        "url": "https://opencollective.com/vitest"
      },
      "peerDependencies": {
        "@edge-runtime/vm": "*",
        "@opentelemetry/api": "^1.9.0",
        "@types/node": "^20.0.0 || ^22.0.0 || >=24.0.0",
        "@vitest/browser-playwright": "4.0.18",
        "@vitest/browser-preview": "4.0.18",
        "@vitest/browser-webdriverio": "4.0.18",
        "@vitest/ui": "4.0.18",
        "happy-dom": "*",
        "jsdom": "*"
      },
      "peerDependenciesMeta": {
        "@edge-runtime/vm": {
          "optional": true
        },
        "@opentelemetry/api": {
          "optional": true
        },
        "@types/node": {
          "optional": true
        },
        "@vitest/browser-playwright": {
          "optional": true
        },
        "@vitest/browser-preview": {
          "optional": true
        },
        "@vitest/browser-webdriverio": {
          "optional": true
        },
        "@vitest/ui": {
          "optional": true
        },
        "happy-dom": {
          "optional": true
        },
        "jsdom": {
          "optional": true
        }
      }
    },
    "../../node_modules/.pnpm/workbox-build@7.4.0_@types+babel__core@7.20.5/node_modules/workbox-build": {
      "version": "7.4.0",
      "dev": true,
      "license": "MIT",
      "dependencies": {
        "@apideck/better-ajv-errors": "^0.3.1",
        "@babel/core": "^7.24.4",
        "@babel/preset-env": "^7.11.0",
        "@babel/runtime": "^7.11.2",
        "@rollup/plugin-babel": "^5.2.0",
        "@rollup/plugin-node-resolve": "^15.2.3",
        "@rollup/plugin-replace": "^2.4.1",
        "@rollup/plugin-terser": "^0.4.3",
        "@surma/rollup-plugin-off-main-thread": "^2.2.3",
        "ajv": "^8.6.0",
        "common-tags": "^1.8.0",
        "fast-json-stable-stringify": "^2.1.0",
        "fs-extra": "^9.0.1",
        "glob": "^11.0.1",
        "lodash": "^4.17.20",
        "pretty-bytes": "^5.3.0",
        "rollup": "^2.79.2",
        "source-map": "^0.8.0-beta.0",
        "stringify-object": "^3.3.0",
        "strip-comments": "^2.0.1",
        "tempy": "^0.6.0",
        "upath": "^1.2.0",
        "workbox-background-sync": "7.4.0",
        "workbox-broadcast-update": "7.4.0",
        "workbox-cacheable-response": "7.4.0",
        "workbox-core": "7.4.0",
        "workbox-expiration": "7.4.0",
        "workbox-google-analytics": "7.4.0",
        "workbox-navigation-preload": "7.4.0",
        "workbox-precaching": "7.4.0",
        "workbox-range-requests": "7.4.0",
        "workbox-recipes": "7.4.0",
        "workbox-routing": "7.4.0",
        "workbox-strategies": "7.4.0",
        "workbox-streams": "7.4.0",
        "workbox-sw": "7.4.0",
        "workbox-window": "7.4.0"
      },
      "devDependencies": {
        "@types/node": "^20.14.8"
      },
      "engines": {
        "node": ">=20.0.0"
      }
    },
    "../../node_modules/.pnpm/workbox-window@7.4.0/node_modules/workbox-window": {
      "version": "7.4.0",
      "dev": true,
      "license": "MIT",
      "dependencies": {
        "@types/trusted-types": "^2.0.2",
        "workbox-core": "7.4.0"
      }
    },
    "node_modules/@playwright/test": {
      "resolved": "../../node_modules/.pnpm/@playwright+test@1.58.2/node_modules/@playwright/test",
      "link": true
    },
    "node_modules/@supabase/supabase-js": {
      "resolved": "../../node_modules/.pnpm/@supabase+supabase-js@2.98.0/node_modules/@supabase/supabase-js",
      "link": true
    },
    "node_modules/@testing-library/jest-dom": {
      "resolved": "../../node_modules/.pnpm/@testing-library+jest-dom@6.9.1/node_modules/@testing-library/jest-dom",
      "link": true
    },
    "node_modules/@testing-library/react": {
      "resolved": "../../node_modules/.pnpm/@testing-library+react@16.3_8105afb30b3aed617b9ca863f1e5e96d/node_modules/@testing-library/react",
      "link": true
    },
    "node_modules/@types/qrcode": {
      "resolved": "../../node_modules/.pnpm/@types+qrcode@1.5.6/node_modules/@types/qrcode",
      "link": true
    },
    "node_modules/@types/react": {
      "resolved": "../../node_modules/.pnpm/@types+react@18.3.28/node_modules/@types/react",
      "link": true
    },
    "node_modules/@types/react-dom": {
      "resolved": "../../node_modules/.pnpm/@types+react-dom@18.3.7_@types+react@18.3.28/node_modules/@types/react-dom",
      "link": true
    },
    "node_modules/@types/react-router-dom": {
      "resolved": "../../node_modules/.pnpm/@types+react-router-dom@5.3.3/node_modules/@types/react-router-dom",
      "link": true
    },
    "node_modules/@vitejs/plugin-react": {
      "resolved": "../../node_modules/.pnpm/@vitejs+plugin-react@4.7.0__a6b856cb0820bbfcc2d966802d62c398/node_modules/@vitejs/plugin-react",
      "link": true
    },
    "node_modules/@vitest/ui": {
      "resolved": "../../node_modules/.pnpm/@vitest+ui@4.0.18_vitest@4.0.18/node_modules/@vitest/ui",
      "link": true
    },
    "node_modules/date-fns": {
      "resolved": "../../node_modules/.pnpm/date-fns@3.6.0/node_modules/date-fns",
      "link": true
    },
    "node_modules/fake-indexeddb": {
      "resolved": "../../node_modules/.pnpm/fake-indexeddb@6.2.5/node_modules/fake-indexeddb",
      "link": true
    },
    "node_modules/fast-check": {
      "resolved": "../../node_modules/.pnpm/fast-check@4.5.3/node_modules/fast-check",
      "link": true
    },
    "node_modules/html5-qrcode": {
      "resolved": "../../node_modules/.pnpm/html5-qrcode@2.3.8/node_modules/html5-qrcode",
      "link": true
    },
    "node_modules/i18next": {
      "resolved": "../../node_modules/.pnpm/i18next@25.8.14_typescript@5.9.3/node_modules/i18next",
      "link": true
    },
    "node_modules/i18next-browser-languagedetector": {
      "resolved": "../../node_modules/.pnpm/i18next-browser-languagedetector@8.2.1/node_modules/i18next-browser-languagedetector",
      "link": true
    },
    "node_modules/jsdom": {
      "resolved": "../../node_modules/.pnpm/jsdom@27.4.0_@noble+hashes@1.8.0/node_modules/jsdom",
      "link": true
    },
    "node_modules/lucide-react": {
      "resolved": "../../node_modules/.pnpm/lucide-react@0.577.0_react@18.3.1/node_modules/lucide-react",
      "link": true
    },
    "node_modules/playwright": {
      "resolved": "../../node_modules/.pnpm/playwright@1.58.2/node_modules/playwright",
      "link": true
    },
    "node_modules/qrcode": {
      "resolved": "../../node_modules/.pnpm/qrcode@1.5.4/node_modules/qrcode",
      "link": true
    },
    "node_modules/react": {
      "resolved": "../../node_modules/.pnpm/react@18.3.1/node_modules/react",
      "link": true
    },
    "node_modules/react-dom": {
      "resolved": "../../node_modules/.pnpm/react-dom@18.3.1_react@18.3.1/node_modules/react-dom",
      "link": true
    },
    "node_modules/react-i18next": {
      "resolved": "../../node_modules/.pnpm/react-i18next@16.5.6_i18nex_f949eb8e3929ebf894e0b285c7412d39/node_modules/react-i18next",
      "link": true
    },
    "node_modules/react-icons": {
      "version": "5.6.0",
      "resolved": "https://registry.npmjs.org/react-icons/-/react-icons-5.6.0.tgz",
      "integrity": "sha512-RH93p5ki6LfOiIt0UtDyNg/cee+HLVR6cHHtW3wALfo+eOHTp8RnU2kRkI6E+H19zMIs03DyxUG/GfZMOGvmiA==",
      "license": "MIT",
      "peerDependencies": {
        "react": "*"
      }
    },
    "node_modules/react-router-dom": {
      "resolved": "../../node_modules/.pnpm/react-router-dom@7.13.1_rea_fd3d734513cb5e82a056cf6eea5f83eb/node_modules/react-router-dom",
      "link": true
    },
    "node_modules/typescript": {
      "resolved": "../../node_modules/.pnpm/typescript@5.9.3/node_modules/typescript",
      "link": true
    },
    "node_modules/vite": {
      "resolved": "../../node_modules/.pnpm/vite@5.4.21_@types+node@20.19.37_terser@5.46.0/node_modules/vite",
      "link": true
    },
    "node_modules/vite-plugin-compression2": {
      "resolved": "../../node_modules/.pnpm/vite-plugin-compression2@2.5.0_rollup@2.80.0/node_modules/vite-plugin-compression2",
      "link": true
    },
    "node_modules/vite-plugin-pwa": {
      "resolved": "../../node_modules/.pnpm/vite-plugin-pwa@1.2.0_vite@_7691bee7a63315cc5920694eb6ab94c0/node_modules/vite-plugin-pwa",
      "link": true
    },
    "node_modules/vitest": {
      "resolved": "../../node_modules/.pnpm/vitest@4.0.18_@types+node@2_df5b20c2fc2f4c62c877b91c9872cc6d/node_modules/vitest",
      "link": true
    },
    "node_modules/workbox-build": {
      "resolved": "../../node_modules/.pnpm/workbox-build@7.4.0_@types+babel__core@7.20.5/node_modules/workbox-build",
      "link": true
    },
    "node_modules/workbox-window": {
      "resolved": "../../node_modules/.pnpm/workbox-window@7.4.0/node_modules/workbox-window",
      "link": true
    }
  }
}
